{
  "name": "@wuapi/processor",
  "version": "1.0.0",
  "lockfileVersion": 2,
  "requires": true,
  "packages": {
    "": {
      "name": "@wuapi/processor",
      "version": "1.0.0",
      "license": "MIT",
      "dependencies": {
        "@types/lodash": "^4.14.191",
        "@wuapi/essential": "^1.0.2",
        "@wuapi/generator": "^1.0.0",
        "dedent-js": "^1.0.1",
        "lodash": "^4.17.21"
      },
      "devDependencies": {
        "@types/node": "^18.14.0",
        "typescript": "^4.9.5"
      }
    },
    "node_modules/@types/dedent": {
      "version": "0.7.0",
      "resolved": "https://registry.npmjs.org/@types/dedent/-/dedent-0.7.0.tgz",
      "integrity": "sha512-EGlKlgMhnLt/cM4DbUSafFdrkeJoC9Mvnj0PUCU7tFmTjMjNRT957kXCx0wYm3JuEq4o4ZsS5vG+NlkM2DMd2A=="
    },
    "node_modules/@types/lodash": {
      "version": "4.14.191",
      "resolved": "https://registry.npmjs.org/@types/lodash/-/lodash-4.14.191.tgz",
      "integrity": "sha512-BdZ5BCCvho3EIXw6wUCXHe7rS53AIDPLE+JzwgT+OsJk53oBfbSmZZ7CX4VaRoN78N+TJpFi9QPlfIVNmJYWxQ=="
    },
    "node_modules/@types/node": {
      "version": "18.14.0",
      "resolved": "https://registry.npmjs.org/@types/node/-/node-18.14.0.tgz",
      "integrity": "sha512-5EWrvLmglK+imbCJY0+INViFWUHg1AHel1sq4ZVSfdcNqGy9Edv3UB9IIzzg+xPaUcAgZYcfVs2fBcwDeZzU0A==",
      "dev": true
    },
    "node_modules/@wuapi/essential": {
      "version": "1.0.2",
      "resolved": "https://registry.npmjs.org/@wuapi/essential/-/essential-1.0.2.tgz",
      "integrity": "sha512-1RATh8/wbhuAGPz7O+zfxRQydEnW/7KuDn4uQKrXomDiJYuycBPEH31bZMDFCiYhQBYp4It3ld9WCNBDxDTUSA=="
    },
    "node_modules/@wuapi/generator": {
      "version": "1.0.0",
      "resolved": "https://registry.npmjs.org/@wuapi/generator/-/generator-1.0.0.tgz",
      "integrity": "sha512-FPZc6VLVH8PHaySQM5XZjl3eJ6F1cC1bxhENM7FvOzHzwp5FfPphUVf/lqIX2EDC9REFEUUWXvGRrfs1kFn4Hg==",
      "dependencies": {
        "@types/dedent": "^0.7.0",
        "@types/lodash": "^4.14.191",
        "@wuapi/essential": "^1.0.1",
        "dedent": "^0.7.0",
        "lodash": "^4.17.21"
      }
    },
    "node_modules/dedent": {
      "version": "0.7.0",
      "resolved": "https://registry.npmjs.org/dedent/-/dedent-0.7.0.tgz",
      "integrity": "sha512-Q6fKUPqnAHAyhiUgFU7BUzLiv0kd8saH9al7tnu5Q/okj6dnupxyTgFIBjVzJATdfIAm9NAsvXNzjaKa+bxVyA=="
    },
    "node_modules/dedent-js": {
      "version": "1.0.1",
      "resolved": "https://registry.npmjs.org/dedent-js/-/dedent-js-1.0.1.tgz",
      "integrity": "sha512-OUepMozQULMLUmhxS95Vudo0jb0UchLimi3+pQ2plj61Fcy8axbP9hbiD4Sz6DPqn6XG3kfmziVfQ1rSys5AJQ=="
    },
    "node_modules/lodash": {
      "version": "4.17.21",
      "resolved": "https://registry.npmjs.org/lodash/-/lodash-4.17.21.tgz",
      "integrity": "sha512-v2kDEe57lecTulaDIuNTPy3Ry4gLGJ6Z1O3vE1krgXZNrsQ+LFTGHVxVjcXPs17LhbZVGedAJv8XZ1tvj5FvSg=="
    },
    "node_modules/typescript": {
      "version": "4.9.5",
      "resolved": "https://registry.npmjs.org/typescript/-/typescript-4.9.5.tgz",
      "integrity": "sha512-1FXk9E2Hm+QzZQ7z+McJiHL4NW1F2EzMu9Nq9i3zAaGqibafqYwCVU6WyWAuyQRRzOlxou8xZSyXLEN8oKj24g==",
      "dev": true,
      "bin": {
        "tsc": "bin/tsc",
        "tsserver": "bin/tsserver"
      },
      "engines": {
        "node": ">=4.2.0"
      }
    }
  },
  "dependencies": {
    "@types/dedent": {
      "version": "0.7.0",
      "resolved": "https://registry.npmjs.org/@types/dedent/-/dedent-0.7.0.tgz",
      "integrity": "sha512-EGlKlgMhnLt/cM4DbUSafFdrkeJoC9Mvnj0PUCU7tFmTjMjNRT957kXCx0wYm3JuEq4o4ZsS5vG+NlkM2DMd2A=="
    },
    "@types/lodash": {
      "version": "4.14.191",
      "resolved": "https://registry.npmjs.org/@types/lodash/-/lodash-4.14.191.tgz",
      "integrity": "sha512-BdZ5BCCvho3EIXw6wUCXHe7rS53AIDPLE+JzwgT+OsJk53oBfbSmZZ7CX4VaRoN78N+TJpFi9QPlfIVNmJYWxQ=="
    },
    "@types/node": {
      "version": "18.14.0",
      "resolved": "https://registry.npmjs.org/@types/node/-/node-18.14.0.tgz",
      "integrity": "sha512-5EWrvLmglK+imbCJY0+INViFWUHg1AHel1sq4ZVSfdcNqGy9Edv3UB9IIzzg+xPaUcAgZYcfVs2fBcwDeZzU0A==",
      "dev": true
    },
    "@wuapi/essential": {
      "version": "1.0.2",
      "resolved": "https://registry.npmjs.org/@wuapi/essential/-/essential-1.0.2.tgz",
      "integrity": "sha512-1RATh8/wbhuAGPz7O+zfxRQydEnW/7KuDn4uQKrXomDiJYuycBPEH31bZMDFCiYhQBYp4It3ld9WCNBDxDTUSA=="
    },
    "@wuapi/generator": {
      "version": "1.0.0",
      "resolved": "https://registry.npmjs.org/@wuapi/generator/-/generator-1.0.0.tgz",
      "integrity": "sha512-FPZc6VLVH8PHaySQM5XZjl3eJ6F1cC1bxhENM7FvOzHzwp5FfPphUVf/lqIX2EDC9REFEUUWXvGRrfs1kFn4Hg==",
      "requires": {
        "@types/dedent": "^0.7.0",
        "@types/lodash": "^4.14.191",
        "@wuapi/essential": "^1.0.1",
        "dedent": "^0.7.0",
        "lodash": "^4.17.21"
      }
    },
    "dedent": {
      "version": "0.7.0",
      "resolved": "https://registry.npmjs.org/dedent/-/dedent-0.7.0.tgz",
      "integrity": "sha512-Q6fKUPqnAHAyhiUgFU7BUzLiv0kd8saH9al7tnu5Q/okj6dnupxyTgFIBjVzJATdfIAm9NAsvXNzjaKa+bxVyA=="
    },
    "dedent-js": {
      "version": "1.0.1",
      "resolved": "https://registry.npmjs.org/dedent-js/-/dedent-js-1.0.1.tgz",
      "integrity": "sha512-OUepMozQULMLUmhxS95Vudo0jb0UchLimi3+pQ2plj61Fcy8axbP9hbiD4Sz6DPqn6XG3kfmziVfQ1rSys5AJQ=="
    },
    "lodash": {
      "version": "4.17.21",
      "resolved": "https://registry.npmjs.org/lodash/-/lodash-4.17.21.tgz",
      "integrity": "sha512-v2kDEe57lecTulaDIuNTPy3Ry4gLGJ6Z1O3vE1krgXZNrsQ+LFTGHVxVjcXPs17LhbZVGedAJv8XZ1tvj5FvSg=="
    },
    "typescript": {
      "version": "4.9.5",
      "resolved": "https://registry.npmjs.org/typescript/-/typescript-4.9.5.tgz",
      "integrity": "sha512-1FXk9E2Hm+QzZQ7z+McJiHL4NW1F2EzMu9Nq9i3zAaGqibafqYwCVU6WyWAuyQRRzOlxou8xZSyXLEN8oKj24g==",
      "dev": true
    }
  }
}
