{
  "name": "@wuapi/processor",
  "version": "1.0.25",
  "lockfileVersion": 2,
  "requires": true,
  "packages": {
    "": {
      "name": "@wuapi/processor",
      "version": "1.0.25",
      "license": "MIT",
      "dependencies": {
        "@types/lodash": "^4.14.191",
        "@types/ncp": "^2.0.5",
        "@wuapi/essential": "^1.0.6",
        "@wuapi/generator": "^1.0.16",
        "@wuapi/web": "^0.0.5",
        "dedent-js": "^1.0.1",
        "lodash": "^4.17.21",
        "ncp": "^2.0.0"
      },
      "devDependencies": {
        "@types/node": "^18.15.3",
        "typescript": "^4.9.5"
      }
    },
    "node_modules/@types/chance": {
      "version": "1.1.3",
      "resolved": "https://registry.npmjs.org/@types/chance/-/chance-1.1.3.tgz",
      "integrity": "sha512-X6c6ghhe4/sQh4XzcZWSFaTAUOda38GQHmq9BUanYkOE/EO7ZrkazwKmtsj3xzTjkLWmwULE++23g3d3CCWaWw=="
    },
    "node_modules/@types/dedent": {
      "version": "0.7.0",
      "resolved": "https://registry.npmjs.org/@types/dedent/-/dedent-0.7.0.tgz",
      "integrity": "sha512-EGlKlgMhnLt/cM4DbUSafFdrkeJoC9Mvnj0PUCU7tFmTjMjNRT957kXCx0wYm3JuEq4o4ZsS5vG+NlkM2DMd2A=="
    },
    "node_modules/@types/lodash": {
      "version": "4.14.191",
      "resolved": "https://registry.npmjs.org/@types/lodash/-/lodash-4.14.191.tgz",
      "integrity": "sha512-BdZ5BCCvho3EIXw6wUCXHe7rS53AIDPLE+JzwgT+OsJk53oBfbSmZZ7CX4VaRoN78N+TJpFi9QPlfIVNmJYWxQ=="
    },
    "node_modules/@types/ncp": {
      "version": "2.0.5",
      "resolved": "https://registry.npmjs.org/@types/ncp/-/ncp-2.0.5.tgz",
      "integrity": "sha512-ocK0p8JuFmX7UkMabFPjY0F7apPvQyLWt5qtdvuvQEBz9i4m2dbzV+6L1zNaUp042RfnL6pHnxDE53OH6XQ9VQ==",
      "dependencies": {
        "@types/node": "*"
      }
    },
    "node_modules/@types/node": {
      "version": "18.15.3",
      "resolved": "https://registry.npmjs.org/@types/node/-/node-18.15.3.tgz",
      "integrity": "sha512-p6ua9zBxz5otCmbpb5D3U4B5Nanw6Pk3PPyX05xnxbB/fRv71N7CPmORg7uAD5P70T0xmx1pzAx/FUfa5X+3cw=="
    },
    "node_modules/@wuapi/essential": {
      "version": "1.0.6",
      "resolved": "https://registry.npmjs.org/@wuapi/essential/-/essential-1.0.6.tgz",
      "integrity": "sha512-3R51R4L/xwVJsqUCRYrQPQL+Dqk2kl7uFaRSt6tggrXO/1KTRfV7wmnFm6at+Xg4oqV++tD0yr9MAAp9FomgTw=="
    },
    "node_modules/@wuapi/generator": {
      "version": "1.0.16",
      "resolved": "https://registry.npmjs.org/@wuapi/generator/-/generator-1.0.16.tgz",
      "integrity": "sha512-qnkbJel9Sz7XIexjSw5GCDVlc3mv3MWcEDUY/VMV1GOViz57qxWPq7oVgRv/QjNBiJnLW7A+YYJ00O3SJM/jCw==",
      "dependencies": {
        "@types/chance": "^1.1.3",
        "@types/dedent": "^0.7.0",
        "@types/lodash": "^4.14.191",
        "@types/ncp": "^2.0.5",
        "@wuapi/essential": "^1.0.6",
        "chance": "^1.1.11",
        "dedent": "^0.7.0",
        "lodash": "^4.17.21",
        "ncp": "^2.0.0"
      }
    },
    "node_modules/@wuapi/web": {
      "version": "0.0.5",
      "resolved": "https://registry.npmjs.org/@wuapi/web/-/web-0.0.5.tgz",
      "integrity": "sha512-i3Q7MwDUPz4kqSi1CSbAAWtTAr+QckfAsNcF+Vb5bpXJGEF24mvGEQSSRMabwBtQFxoV6lJ/Z7KUd7HdUKA+Yw=="
    },
    "node_modules/chance": {
      "version": "1.1.11",
      "resolved": "https://registry.npmjs.org/chance/-/chance-1.1.11.tgz",
      "integrity": "sha512-kqTg3WWywappJPqtgrdvbA380VoXO2eu9VCV895JgbyHsaErXdyHK9LOZ911OvAk6L0obK7kDk9CGs8+oBawVA=="
    },
    "node_modules/dedent": {
      "version": "0.7.0",
      "resolved": "https://registry.npmjs.org/dedent/-/dedent-0.7.0.tgz",
      "integrity": "sha512-Q6fKUPqnAHAyhiUgFU7BUzLiv0kd8saH9al7tnu5Q/okj6dnupxyTgFIBjVzJATdfIAm9NAsvXNzjaKa+bxVyA=="
    },
    "node_modules/dedent-js": {
      "version": "1.0.1",
      "resolved": "https://registry.npmjs.org/dedent-js/-/dedent-js-1.0.1.tgz",
      "integrity": "sha512-OUepMozQULMLUmhxS95Vudo0jb0UchLimi3+pQ2plj61Fcy8axbP9hbiD4Sz6DPqn6XG3kfmziVfQ1rSys5AJQ=="
    },
    "node_modules/lodash": {
      "version": "4.17.21",
      "resolved": "https://registry.npmjs.org/lodash/-/lodash-4.17.21.tgz",
      "integrity": "sha512-v2kDEe57lecTulaDIuNTPy3Ry4gLGJ6Z1O3vE1krgXZNrsQ+LFTGHVxVjcXPs17LhbZVGedAJv8XZ1tvj5FvSg=="
    },
    "node_modules/ncp": {
      "version": "2.0.0",
      "resolved": "https://registry.npmjs.org/ncp/-/ncp-2.0.0.tgz",
      "integrity": "sha512-zIdGUrPRFTUELUvr3Gmc7KZ2Sw/h1PiVM0Af/oHB6zgnV1ikqSfRk+TOufi79aHYCW3NiOXmr1BP5nWbzojLaA==",
      "bin": {
        "ncp": "bin/ncp"
      }
    },
    "node_modules/typescript": {
      "version": "4.9.5",
      "resolved": "https://registry.npmjs.org/typescript/-/typescript-4.9.5.tgz",
      "integrity": "sha512-1FXk9E2Hm+QzZQ7z+McJiHL4NW1F2EzMu9Nq9i3zAaGqibafqYwCVU6WyWAuyQRRzOlxou8xZSyXLEN8oKj24g==",
      "dev": true,
      "bin": {
        "tsc": "bin/tsc",
        "tsserver": "bin/tsserver"
      },
      "engines": {
        "node": ">=4.2.0"
      }
    }
  },
  "dependencies": {
    "@types/chance": {
      "version": "1.1.3",
      "resolved": "https://registry.npmjs.org/@types/chance/-/chance-1.1.3.tgz",
      "integrity": "sha512-X6c6ghhe4/sQh4XzcZWSFaTAUOda38GQHmq9BUanYkOE/EO7ZrkazwKmtsj3xzTjkLWmwULE++23g3d3CCWaWw=="
    },
    "@types/dedent": {
      "version": "0.7.0",
      "resolved": "https://registry.npmjs.org/@types/dedent/-/dedent-0.7.0.tgz",
      "integrity": "sha512-EGlKlgMhnLt/cM4DbUSafFdrkeJoC9Mvnj0PUCU7tFmTjMjNRT957kXCx0wYm3JuEq4o4ZsS5vG+NlkM2DMd2A=="
    },
    "@types/lodash": {
      "version": "4.14.191",
      "resolved": "https://registry.npmjs.org/@types/lodash/-/lodash-4.14.191.tgz",
      "integrity": "sha512-BdZ5BCCvho3EIXw6wUCXHe7rS53AIDPLE+JzwgT+OsJk53oBfbSmZZ7CX4VaRoN78N+TJpFi9QPlfIVNmJYWxQ=="
    },
    "@types/ncp": {
      "version": "2.0.5",
      "resolved": "https://registry.npmjs.org/@types/ncp/-/ncp-2.0.5.tgz",
      "integrity": "sha512-ocK0p8JuFmX7UkMabFPjY0F7apPvQyLWt5qtdvuvQEBz9i4m2dbzV+6L1zNaUp042RfnL6pHnxDE53OH6XQ9VQ==",
      "requires": {
        "@types/node": "*"
      }
    },
    "@types/node": {
      "version": "18.15.3",
      "resolved": "https://registry.npmjs.org/@types/node/-/node-18.15.3.tgz",
      "integrity": "sha512-p6ua9zBxz5otCmbpb5D3U4B5Nanw6Pk3PPyX05xnxbB/fRv71N7CPmORg7uAD5P70T0xmx1pzAx/FUfa5X+3cw=="
    },
    "@wuapi/essential": {
      "version": "1.0.6",
      "resolved": "https://registry.npmjs.org/@wuapi/essential/-/essential-1.0.6.tgz",
      "integrity": "sha512-3R51R4L/xwVJsqUCRYrQPQL+Dqk2kl7uFaRSt6tggrXO/1KTRfV7wmnFm6at+Xg4oqV++tD0yr9MAAp9FomgTw=="
    },
    "@wuapi/generator": {
      "version": "1.0.16",
      "resolved": "https://registry.npmjs.org/@wuapi/generator/-/generator-1.0.16.tgz",
      "integrity": "sha512-qnkbJel9Sz7XIexjSw5GCDVlc3mv3MWcEDUY/VMV1GOViz57qxWPq7oVgRv/QjNBiJnLW7A+YYJ00O3SJM/jCw==",
      "requires": {
        "@types/chance": "^1.1.3",
        "@types/dedent": "^0.7.0",
        "@types/lodash": "^4.14.191",
        "@types/ncp": "^2.0.5",
        "@wuapi/essential": "^1.0.6",
        "chance": "^1.1.11",
        "dedent": "^0.7.0",
        "lodash": "^4.17.21",
        "ncp": "^2.0.0"
      }
    },
    "@wuapi/web": {
      "version": "0.0.5",
      "resolved": "https://registry.npmjs.org/@wuapi/web/-/web-0.0.5.tgz",
      "integrity": "sha512-i3Q7MwDUPz4kqSi1CSbAAWtTAr+QckfAsNcF+Vb5bpXJGEF24mvGEQSSRMabwBtQFxoV6lJ/Z7KUd7HdUKA+Yw=="
    },
    "chance": {
      "version": "1.1.11",
      "resolved": "https://registry.npmjs.org/chance/-/chance-1.1.11.tgz",
      "integrity": "sha512-kqTg3WWywappJPqtgrdvbA380VoXO2eu9VCV895JgbyHsaErXdyHK9LOZ911OvAk6L0obK7kDk9CGs8+oBawVA=="
    },
    "dedent": {
      "version": "0.7.0",
      "resolved": "https://registry.npmjs.org/dedent/-/dedent-0.7.0.tgz",
      "integrity": "sha512-Q6fKUPqnAHAyhiUgFU7BUzLiv0kd8saH9al7tnu5Q/okj6dnupxyTgFIBjVzJATdfIAm9NAsvXNzjaKa+bxVyA=="
    },
    "dedent-js": {
      "version": "1.0.1",
      "resolved": "https://registry.npmjs.org/dedent-js/-/dedent-js-1.0.1.tgz",
      "integrity": "sha512-OUepMozQULMLUmhxS95Vudo0jb0UchLimi3+pQ2plj61Fcy8axbP9hbiD4Sz6DPqn6XG3kfmziVfQ1rSys5AJQ=="
    },
    "lodash": {
      "version": "4.17.21",
      "resolved": "https://registry.npmjs.org/lodash/-/lodash-4.17.21.tgz",
      "integrity": "sha512-v2kDEe57lecTulaDIuNTPy3Ry4gLGJ6Z1O3vE1krgXZNrsQ+LFTGHVxVjcXPs17LhbZVGedAJv8XZ1tvj5FvSg=="
    },
    "ncp": {
      "version": "2.0.0",
      "resolved": "https://registry.npmjs.org/ncp/-/ncp-2.0.0.tgz",
      "integrity": "sha512-zIdGUrPRFTUELUvr3Gmc7KZ2Sw/h1PiVM0Af/oHB6zgnV1ikqSfRk+TOufi79aHYCW3NiOXmr1BP5nWbzojLaA=="
    },
    "typescript": {
      "version": "4.9.5",
      "resolved": "https://registry.npmjs.org/typescript/-/typescript-4.9.5.tgz",
      "integrity": "sha512-1FXk9E2Hm+QzZQ7z+McJiHL4NW1F2EzMu9Nq9i3zAaGqibafqYwCVU6WyWAuyQRRzOlxou8xZSyXLEN8oKj24g==",
      "dev": true
    }
  }
}
